
Microsoft Visual Studio Solution File, Format Version 12.00
# Visual Studio Version 16
VisualStudioVersion = 16.0.28917.182
MinimumVisualStudioVersion = 10.0.40219.1
Project("{FAE04EC0-301F-11D3-BF4B-00C04F79EFBC}") = "CounterSample.ClientSide", "CounterSample.ClientSide\CounterSample.ClientSide.csproj", "{D13BF4A1-EDF4-476F-9D74-08806030458A}"
EndProject
Global
	GlobalSection(SolutionConfigurationPlatforms) = preSolution
		Debug|Any CPU = Debug|Any CPU
		Release|Any CPU = Release|Any CPU
	EndGlobalSection
	GlobalSection(ProjectConfigurationPlatforms) = postSolution
		{D13BF4A1-EDF4-476F-9D74-08806030458A}.Debug|Any CPU.ActiveCfg = Debug|Any CPU
		{D13BF4A1-EDF4-476F-9D74-08806030458A}.Debug|Any CPU.Build.0 = Debug|Any CPU
		{D13BF4A1-EDF4-476F-9D74-08806030458A}.Release|Any CPU.ActiveCfg = Release|Any CPU
		{D13BF4A1-EDF4-476F-9D74-08806030458A}.Release|Any CPU.Build.0 = Release|Any CPU
	EndGlobalSection
	GlobalSection(SolutionProperties) = preSolution
		HideSolutionNode = FALSE
	EndGlobalSection
	GlobalSection(ExtensibilityGlobals) = postSolution
		SolutionGuid = {D36B6F44-9231-4AC4-AACC-55182626CEF0}
	EndGlobalSection
EndGlobal
